// !$*UTF8*$!
{
	archiveVersion = 1;
	classes = {
	};
	objectVersion = 56;
	objects = {

/* Begin PBXBuildFile section */
		B8EB9AD22A61588F008B68DE /* AppDelegate.swift in Sources */ = {isa = PBXBuildFile; fileRef = B8EB9AD12A61588F008B68DE /* AppDelegate.swift */; };
		B8EB9AD42A61588F008B68DE /* SceneDelegate.swift in Sources */ = {isa = PBXBuildFile; fileRef = B8EB9AD32A61588F008B68DE /* SceneDelegate.swift */; };
		B8EB9AD62A61588F008B68DE /* ViewController.swift in Sources */ = {isa = PBXBuildFile; fileRef = B8EB9AD52A61588F008B68DE /* ViewController.swift */; };
		B8EB9AD92A615890008B68DE /* Main.storyboard in Resources */ = {isa = PBXBuildFile; fileRef = B8EB9AD72A615890008B68DE /* Main.storyboard */; };
		B8EB9ADB2A615892008B68DE /* Assets.xcassets in Resources */ = {isa = PBXBuildFile; fileRef = B8EB9ADA2A615892008B68DE /* Assets.xcassets */; };
		B8EB9ADE2A615892008B68DE /* LaunchScreen.storyboard in Resources */ = {isa = PBXBuildFile; fileRef = B8EB9ADC2A615892008B68DE /* LaunchScreen.storyboard */; };
		B8EB9AE92A615892008B68DE /* imagepicker_with_tableviewTests.swift in Sources */ = {isa = PBXBuildFile; fileRef = B8EB9AE82A615892008B68DE /* imagepicker_with_tableviewTests.swift */; };
		B8EB9AF32A615892008B68DE /* imagepicker_with_tableviewUITests.swift in Sources */ = {isa = PBXBuildFile; fileRef = B8EB9AF22A615892008B68DE /* imagepicker_with_tableviewUITests.swift */; };
		B8EB9AF52A615892008B68DE /* imagepicker_with_tableviewUITestsLaunchTests.swift in Sources */ = {isa = PBXBuildFile; fileRef = B8EB9AF42A615892008B68DE /* imagepicker_with_tableviewUITestsLaunchTests.swift */; };
		B8EB9B022A615A3D008B68DE /* firstTableViewCell.swift in Sources */ = {isa = PBXBuildFile; fileRef = B8EB9B012A615A3D008B68DE /* firstTableViewCell.swift */; };
		B8EB9B042A6160F4008B68DE /* firstViewController.swift in Sources */ = {isa = PBXBuildFile; fileRef = B8EB9B032A6160F4008B68DE /* firstViewController.swift */; };
/* End PBXBuildFile section */

/* Begin PBXContainerItemProxy section */
		B8EB9AE52A615892008B68DE /* PBXContainerItemProxy */ = {
			isa = PBXContainerItemProxy;
			containerPortal = B8EB9AC62A61588F008B68DE /* Project object */;
			proxyType = 1;
			remoteGlobalIDString = B8EB9ACD2A61588F008B68DE;
			remoteInfo = "imagepicker with tableview";
		};
		B8EB9AEF2A615892008B68DE /* PBXContainerItemProxy */ = {
			isa = PBXContainerItemProxy;
			containerPortal = B8EB9AC62A61588F008B68DE /* Project object */;
			proxyType = 1;
			remoteGlobalIDString = B8EB9ACD2A61588F008B68DE;
			remoteInfo = "imagepicker with tableview";
		};
/* End PBXContainerItemProxy section */

/* Begin PBXFileReference section */
		B8EB9ACE2A61588F008B68DE /* imagepicker with tableview.app */ = {isa = PBXFileReference; explicitFileType = wrapper.application; includeInIndex = 0; path = "imagepicker with tableview.app"; sourceTree = BUILT_PRODUCTS_DIR; };
		B8EB9AD12A61588F008B68DE /* AppDelegate.swift */ = {isa = PBXFileReference; lastKnownFileType = sourcecode.swift; path = AppDelegate.swift; sourceTree = "<group>"; };
		B8EB9AD32A61588F008B68DE /* SceneDelegate.swift */ = {isa = PBXFileReference; lastKnownFileType = sourcecode.swift; path = SceneDelegate.swift; sourceTree = "<group>"; };
		B8EB9AD52A61588F008B68DE /* ViewController.swift */ = {isa = PBXFileReference; lastKnownFileType = sourcecode.swift; path = ViewController.swift; sourceTree = "<group>"; };
		B8EB9AD82A615890008B68DE /* Base */ = {isa = PBXFileReference; lastKnownFileType = file.storyboard; name = Base; path = Base.lproj/Main.storyboard; sourceTree = "<group>"; };
		B8EB9ADA2A615892008B68DE /* Assets.xcassets */ = {isa = PBXFileReference; lastKnownFileType = folder.assetcatalog; path = Assets.xcassets; sourceTree = "<group>"; };
		B8EB9ADD2A615892008B68DE /* Base */ = {isa = PBXFileReference; lastKnownFileType = file.storyboard; name = Base; path = Base.lproj/LaunchScreen.storyboard; sourceTree = "<group>"; };
		B8EB9ADF2A615892008B68DE /* Info.plist */ = {isa = PBXFileReference; lastKnownFileType = text.plist.xml; path = Info.plist; sourceTree = "<group>"; };
		B8EB9AE42A615892008B68DE /* imagepicker with tableviewTests.xctest */ = {isa = PBXFileReference; explicitFileType = wrapper.cfbundle; includeInIndex = 0; path = "imagepicker with tableviewTests.xctest"; sourceTree = BUILT_PRODUCTS_DIR; };
		B8EB9AE82A615892008B68DE /* imagepicker_with_tableviewTests.swift */ = {isa = PBXFileReference; lastKnownFileType = sourcecode.swift; path = imagepicker_with_tableviewTests.swift; sourceTree = "<group>"; };
		B8EB9AEE2A615892008B68DE /* imagepicker with tableviewUITests.xctest */ = {isa = PBXFileReference; explicitFileType = wrapper.cfbundle; includeInIndex = 0; path = "imagepicker with tableviewUITests.xctest"; sourceTree = BUILT_PRODUCTS_DIR; };
		B8EB9AF22A615892008B68DE /* imagepicker_with_tableviewUITests.swift */ = {isa = PBXFileReference; lastKnownFileType = sourcecode.swift; path = imagepicker_with_tableviewUITests.swift; sourceTree = "<group>"; };
		B8EB9AF42A615892008B68DE /* imagepicker_with_tableviewUITestsLaunchTests.swift */ = {isa = PBXFileReference; lastKnownFileType = sourcecode.swift; path = imagepicker_with_tableviewUITestsLaunchTests.swift; sourceTree = "<group>"; };
		B8EB9B012A615A3D008B68DE /* firstTableViewCell.swift */ = {isa = PBXFileReference; lastKnownFileType = sourcecode.swift; path = firstTableViewCell.swift; sourceTree = "<group>"; };
		B8EB9B032A6160F4008B68DE /* firstViewController.swift */ = {isa = PBXFileReference; lastKnownFileType = sourcecode.swift; path = firstViewController.swift; sourceTree = "<group>"; };
/* End PBXFileReference section */

/* Begin PBXFrameworksBuildPhase section */
		B8EB9ACB2A61588F008B68DE /* Frameworks */ = {
			isa = PBXFrameworksBuildPhase;
			buildActionMask = 2147483647;
			files = (
			);
			runOnlyForDeploymentPostprocessing = 0;
		};
		B8EB9AE12A615892008B68DE /* Frameworks */ = {
			isa = PBXFrameworksBuildPhase;
			buildActionMask = 2147483647;
			files = (
			);
			runOnlyForDeploymentPostprocessing = 0;
		};
		B8EB9AEB2A615892008B68DE /* Frameworks */ = {
			isa = PBXFrameworksBuildPhase;
			buildActionMask = 2147483647;
			files = (
			);
			runOnlyForDeploymentPostprocessing = 0;
		};
/* End PBXFrameworksBuildPhase section */

/* Begin PBXGroup section */
		B8EB9AC52A61588F008B68DE = {
			isa = PBXGroup;
			children = (
				B8EB9AD02A61588F008B68DE /* imagepicker with tableview */,
				B8EB9AE72A615892008B68DE /* imagepicker with tableviewTests */,
				B8EB9AF12A615892008B68DE /* imagepicker with tableviewUITests */,
				B8EB9ACF2A61588F008B68DE /* Products */,
			);
			sourceTree = "<group>";
		};
		B8EB9ACF2A61588F008B68DE /* Products */ = {
			isa = PBXGroup;
			children = (
				B8EB9ACE2A61588F008B68DE /* imagepicker with tableview.app */,
				B8EB9AE42A615892008B68DE /* imagepicker with tableviewTests.xctest */,
				B8EB9AEE2A615892008B68DE /* imagepicker with tableviewUITests.xctest */,
			);
			name = Products;
			sourceTree = "<group>";
		};
		B8EB9AD02A61588F008B68DE /* imagepicker with tableview */ = {
			isa = PBXGroup;
			children = (
				B8EB9AD12A61588F008B68DE /* AppDelegate.swift */,
				B8EB9AD32A61588F008B68DE /* SceneDelegate.swift */,
				B8EB9AD52A61588F008B68DE /* ViewController.swift */,
				B8EB9B012A615A3D008B68DE /* firstTableViewCell.swift */,
				B8EB9B032A6160F4008B68DE /* firstViewController.swift */,
				B8EB9AD72A615890008B68DE /* Main.storyboard */,
				B8EB9ADA2A615892008B68DE /* Assets.xcassets */,
				B8EB9ADC2A615892008B68DE /* LaunchScreen.storyboard */,
				B8EB9ADF2A615892008B68DE /* Info.plist */,
			);
			path = "imagepicker with tableview";
			sourceTree = "<group>";
		};
		B8EB9AE72A615892008B68DE /* imagepicker with tableviewTests */ = {
			isa = PBXGroup;
			children = (
				B8EB9AE82A615892008B68DE /* imagepicker_with_tableviewTests.swift */,
			);
			path = "imagepicker with tableviewTests";
			sourceTree = "<group>";
		};
		B8EB9AF12A615892008B68DE /* imagepicker with tableviewUITests */ = {
			isa = PBXGroup;
			children = (
				B8EB9AF22A615892008B68DE /* imagepicker_with_tableviewUITests.swift */,
				B8EB9AF42A615892008B68DE /* imagepicker_with_tableviewUITestsLaunchTests.swift */,
			);
			path = "imagepicker with tableviewUITests";
			sourceTree = "<group>";
		};
/* End PBXGroup section */

/* Begin PBXNativeTarget section */
		B8EB9ACD2A61588F008B68DE /* imagepicker with tableview */ = {
			isa = PBXNativeTarget;
			buildConfigurationList = B8EB9AF82A615892008B68DE /* Build configuration list for PBXNativeTarget "imagepicker with tableview" */;
			buildPhases = (
				B8EB9ACA2A61588F008B68DE /* Sources */,
				B8EB9ACB2A61588F008B68DE /* Frameworks */,
				B8EB9ACC2A61588F008B68DE /* Resources */,
			);
			buildRules = (
			);
			dependencies = (
			);
			name = "imagepicker with tableview";
			productName = "imagepicker with tableview";
			productReference = B8EB9ACE2A61588F008B68DE /* imagepicker with tableview.app */;
			productType = "com.apple.product-type.application";
		};
		B8EB9AE32A615892008B68DE /* imagepicker with tableviewTests */ = {
			isa = PBXNativeTarget;
			buildConfigurationList = B8EB9AFB2A615892008B68DE /* Build configuration list for PBXNativeTarget "imagepicker with tableviewTests" */;
			buildPhases = (
				B8EB9AE02A615892008B68DE /* Sources */,
				B8EB9AE12A615892008B68DE /* Frameworks */,
				B8EB9AE22A615892008B68DE /* Resources */,
			);
			buildRules = (
			);
			dependencies = (
				B8EB9AE62A615892008B68DE /* PBXTargetDependency */,
			);
			name = "imagepicker with tableviewTests";
			productName = "imagepicker with tableviewTests";
			productReference = B8EB9AE42A615892008B68DE /* imagepicker with tableviewTests.xctest */;
			productType = "com.apple.product-type.bundle.unit-test";
		};
		B8EB9AED2A615892008B68DE /* imagepicker with tableviewUITests */ = {
			isa = PBXNativeTarget;
			buildConfigurationList = B8EB9AFE2A615892008B68DE /* Build configuration list for PBXNativeTarget "imagepicker with tableviewUITests" */;
			buildPhases = (
				B8EB9AEA2A615892008B68DE /* Sources */,
				B8EB9AEB2A615892008B68DE /* Frameworks */,
				B8EB9AEC2A615892008B68DE /* Resources */,
			);
			buildRules = (
			);
			dependencies = (
				B8EB9AF02A615892008B68DE /* PBXTargetDependency */,
			);
			name = "imagepicker with tableviewUITests";
			productName = "imagepicker with tableviewUITests";
			productReference = B8EB9AEE2A615892008B68DE /* imagepicker with tableviewUITests.xctest */;
			productType = "com.apple.product-type.bundle.ui-testing";
		};
/* End PBXNativeTarget section */

/* Begin PBXProject section */
		B8EB9AC62A61588F008B68DE /* Project object */ = {
			isa = PBXProject;
			attributes = {
				BuildIndependentTargetsInParallel = 1;
				LastSwiftUpdateCheck = 1420;
				LastUpgradeCheck = 1420;
				TargetAttributes = {
					B8EB9ACD2A61588F008B68DE = {
						CreatedOnToolsVersion = 14.2;
					};
					B8EB9AE32A615892008B68DE = {
						CreatedOnToolsVersion = 14.2;
						TestTargetID = B8EB9ACD2A61588F008B68DE;
					};
					B8EB9AED2A615892008B68DE = {
						CreatedOnToolsVersion = 14.2;
						TestTargetID = B8EB9ACD2A61588F008B68DE;
					};
				};
			};
			buildConfigurationList = B8EB9AC92A61588F008B68DE /* Build configuration list for PBXProject "imagepicker with tableview" */;
			compatibilityVersion = "Xcode 14.0";
			developmentRegion = en;
			hasScannedForEncodings = 0;
			knownRegions = (
				en,
				Base,
			);
			mainGroup = B8EB9AC52A61588F008B68DE;
			productRefGroup = B8EB9ACF2A61588F008B68DE /* Products */;
			projectDirPath = "";
			projectRoot = "";
			targets = (
				B8EB9ACD2A61588F008B68DE /* imagepicker with tableview */,
				B8EB9AE32A615892008B68DE /* imagepicker with tableviewTests */,
				B8EB9AED2A615892008B68DE /* imagepicker with tableviewUITests */,
			);
		};
/* End PBXProject section */

/* Begin PBXResourcesBuildPhase section */
		B8EB9ACC2A61588F008B68DE /* Resources */ = {
			isa = PBXResourcesBuildPhase;
			buildActionMask = 2147483647;
			files = (
				B8EB9ADE2A615892008B68DE /* LaunchScreen.storyboard in Resources */,
				B8EB9ADB2A615892008B68DE /* Assets.xcassets in Resources */,
				B8EB9AD92A615890008B68DE /* Main.storyboard in Resources */,
			);
			runOnlyForDeploymentPostprocessing = 0;
		};
		B8EB9AE22A615892008B68DE /* Resources */ = {
			isa = PBXResourcesBuildPhase;
			buildActionMask = 2147483647;
			files = (
			);
			runOnlyForDeploymentPostprocessing = 0;
		};
		B8EB9AEC2A615892008B68DE /* Resources */ = {
			isa = PBXResourcesBuildPhase;
			buildActionMask = 2147483647;
			files = (
			);
			runOnlyForDeploymentPostprocessing = 0;
		};
/* End PBXResourcesBuildPhase section */

/* Begin PBXSourcesBuildPhase section */
		B8EB9ACA2A61588F008B68DE /* Sources */ = {
			isa = PBXSourcesBuildPhase;
			buildActionMask = 2147483647;
			files = (
				B8EB9AD62A61588F008B68DE /* ViewController.swift in Sources */,
				B8EB9B042A6160F4008B68DE /* firstViewController.swift in Sources */,
				B8EB9AD22A61588F008B68DE /* AppDelegate.swift in Sources */,
				B8EB9B022A615A3D008B68DE /* firstTableViewCell.swift in Sources */,
				B8EB9AD42A61588F008B68DE /* SceneDelegate.swift in Sources */,
			);
			runOnlyForDeploymentPostprocessing = 0;
		};
		B8EB9AE02A615892008B68DE /* Sources */ = {
			isa = PBXSourcesBuildPhase;
			buildActionMask = 2147483647;
			files = (
				B8EB9AE92A615892008B68DE /* imagepicker_with_tableviewTests.swift in Sources */,
			);
			runOnlyForDeploymentPostprocessing = 0;
		};
		B8EB9AEA2A615892008B68DE /* Sources */ = {
			isa = PBXSourcesBuildPhase;
			buildActionMask = 2147483647;
			files = (
				B8EB9AF52A615892008B68DE /* imagepicker_with_tableviewUITestsLaunchTests.swift in Sources */,
				B8EB9AF32A615892008B68DE /* imagepicker_with_tableviewUITests.swift in Sources */,
			);
			runOnlyForDeploymentPostprocessing = 0;
		};
/* End PBXSourcesBuildPhase section */

/* Begin PBXTargetDependency section */
		B8EB9AE62A615892008B68DE /* PBXTargetDependency */ = {
			isa = PBXTargetDependency;
			target = B8EB9ACD2A61588F008B68DE /* imagepicker with tableview */;
			targetProxy = B8EB9AE52A615892008B68DE /* PBXContainerItemProxy */;
		};
		B8EB9AF02A615892008B68DE /* PBXTargetDependency */ = {
			isa = PBXTargetDependency;
			target = B8EB9ACD2A61588F008B68DE /* imagepicker with tableview */;
			targetProxy = B8EB9AEF2A615892008B68DE /* PBXContainerItemProxy */;
		};
/* End PBXTargetDependency section */

/* Begin PBXVariantGroup section */
		B8EB9AD72A615890008B68DE /* Main.storyboard */ = {
			isa = PBXVariantGroup;
			children = (
				B8EB9AD82A615890008B68DE /* Base */,
			);
			name = Main.storyboard;
			sourceTree = "<group>";
		};
		B8EB9ADC2A615892008B68DE /* LaunchScreen.storyboard */ = {
			isa = PBXVariantGroup;
			children = (
				B8EB9ADD2A615892008B68DE /* Base */,
			);
			name = LaunchScreen.storyboard;
			sourceTree = "<group>";
		};
/* End PBXVariantGroup section */

/* Begin XCBuildConfiguration section */
		B8EB9AF62A615892008B68DE /* Debug */ = {
			isa = XCBuildConfiguration;
			buildSettings = {
				ALWAYS_SEARCH_USER_PATHS = NO;
				CLANG_ANALYZER_NONNULL = YES;
				CLANG_ANALYZER_NUMBER_OBJECT_CONVERSION = YES_AGGRESSIVE;
				CLANG_CXX_LANGUAGE_STANDARD = "gnu++20";
				CLANG_ENABLE_MODULES = YES;
				CLANG_ENABLE_OBJC_ARC = YES;
				CLANG_ENABLE_OBJC_WEAK = YES;
				CLANG_WARN_BLOCK_CAPTURE_AUTORELEASING = YES;
				CLANG_WARN_BOOL_CONVERSION = YES;
				CLANG_WARN_COMMA = YES;
				CLANG_WARN_CONSTANT_CONVERSION = YES;
				CLANG_WARN_DEPRECATED_OBJC_IMPLEMENTATIONS = YES;
				CLANG_WARN_DIRECT_OBJC_ISA_USAGE = YES_ERROR;
				CLANG_WARN_DOCUMENTATION_COMMENTS = YES;
				CLANG_WARN_EMPTY_BODY = YES;
				CLANG_WARN_ENUM_CONVERSION = YES;
				CLANG_WARN_INFINITE_RECURSION = YES;
				CLANG_WARN_INT_CONVERSION = YES;
				CLANG_WARN_NON_LITERAL_NULL_CONVERSION = YES;
				CLANG_WARN_OBJC_IMPLICIT_RETAIN_SELF = YES;
				CLANG_WARN_OBJC_LITERAL_CONVERSION = YES;
				CLANG_WARN_OBJC_ROOT_CLASS = YES_ERROR;
				CLANG_WARN_QUOTED_INCLUDE_IN_FRAMEWORK_HEADER = YES;
				CLANG_WARN_RANGE_LOOP_ANALYSIS = YES;
				CLANG_WARN_STRICT_PROTOTYPES = YES;
				CLANG_WARN_SUSPICIOUS_MOVE = YES;
				CLANG_WARN_UNGUARDED_AVAILABILITY = YES_AGGRESSIVE;
				CLANG_WARN_UNREACHABLE_CODE = YES;
				CLANG_WARN__DUPLICATE_METHOD_MATCH = YES;
				COPY_PHASE_STRIP = NO;
				DEBUG_INFORMATION_FORMAT = dwarf;
				ENABLE_STRICT_OBJC_MSGSEND = YES;
				ENABLE_TESTABILITY = YES;
				GCC_C_LANGUAGE_STANDARD = gnu11;
				GCC_DYNAMIC_NO_PIC = NO;
				GCC_NO_COMMON_BLOCKS = YES;
				GCC_OPTIMIZATION_LEVEL = 0;
				GCC_PREPROCESSOR_DEFINITIONS = (
					"DEBUG=1",
					"$(inherited)",
				);
				GCC_WARN_64_TO_32_BIT_CONVERSION = YES;
				GCC_WARN_ABOUT_RETURN_TYPE = YES_ERROR;
				GCC_WARN_UNDECLARED_SELECTOR = YES;
				GCC_WARN_UNINITIALIZED_AUTOS = YES_AGGRESSIVE;
				GCC_WARN_UNUSED_FUNCTION = YES;
				GCC_WARN_UNUSED_VARIABLE = YES;
				IPHONEOS_DEPLOYMENT_TARGET = 16.2;
				MTL_ENABLE_DEBUG_INFO = INCLUDE_SOURCE;
				MTL_FAST_MATH = YES;
				ONLY_ACTIVE_ARCH = YES;
				SDKROOT = iphoneos;
				SWIFT_ACTIVE_COMPILATION_CONDITIONS = DEBUG;
				SWIFT_OPTIMIZATION_LEVEL = "-Onone";
			};
			name = Debug;
		};
		B8EB9AF72A615892008B68DE /* Release */ = {
			isa = XCBuildConfiguration;
			buildSettings = {
				ALWAYS_SEARCH_USER_PATHS = NO;
				CLANG_ANALYZER_NONNULL = YES;
				CLANG_ANALYZER_NUMBER_OBJECT_CONVERSION = YES_AGGRESSIVE;
				CLANG_CXX_LANGUAGE_STANDARD = "gnu++20";
				CLANG_ENABLE_MODULES = YES;
				CLANG_ENABLE_OBJC_ARC = YES;
				CLANG_ENABLE_OBJC_WEAK = YES;
				CLANG_WARN_BLOCK_CAPTURE_AUTORELEASING = YES;
				CLANG_WARN_BOOL_CONVERSION = YES;
				CLANG_WARN_COMMA = YES;
				CLANG_WARN_CONSTANT_CONVERSION = YES;
				CLANG_WARN_DEPRECATED_OBJC_IMPLEMENTATIONS = YES;
				CLANG_WARN_DIRECT_OBJC_ISA_USAGE = YES_ERROR;
				CLANG_WARN_DOCUMENTATION_COMMENTS = YES;
				CLANG_WARN_EMPTY_BODY = YES;
				CLANG_WARN_ENUM_CONVERSION = YES;
				CLANG_WARN_INFINITE_RECURSION = YES;
				CLANG_WARN_INT_CONVERSION = YES;
				CLANG_WARN_NON_LITERAL_NULL_CONVERSION = YES;
				CLANG_WARN_OBJC_IMPLICIT_RETAIN_SELF = YES;
				CLANG_WARN_OBJC_LITERAL_CONVERSION = YES;
				CLANG_WARN_OBJC_ROOT_CLASS = YES_ERROR;
				CLANG_WARN_QUOTED_INCLUDE_IN_FRAMEWORK_HEADER = YES;
				CLANG_WARN_RANGE_LOOP_ANALYSIS = YES;
				CLANG_WARN_STRICT_PROTOTYPES = YES;
				CLANG_WARN_SUSPICIOUS_MOVE = YES;
				CLANG_WARN_UNGUARDED_AVAILABILITY = YES_AGGRESSIVE;
				CLANG_WARN_UNREACHABLE_CODE = YES;
				CLANG_WARN__DUPLICATE_METHOD_MATCH = YES;
				COPY_PHASE_STRIP = NO;
				DEBUG_INFORMATION_FORMAT = "dwarf-with-dsym";
				ENABLE_NS_ASSERTIONS = NO;
				ENABLE_STRICT_OBJC_MSGSEND = YES;
				GCC_C_LANGUAGE_STANDARD = gnu11;
				GCC_NO_COMMON_BLOCKS = YES;
				GCC_WARN_64_TO_32_BIT_CONVERSION = YES;
				GCC_WARN_ABOUT_RETURN_TYPE = YES_ERROR;
				GCC_WARN_UNDECLARED_SELECTOR = YES;
				GCC_WARN_UNINITIALIZED_AUTOS = YES_AGGRESSIVE;
				GCC_WARN_UNUSED_FUNCTION = YES;
				GCC_WARN_UNUSED_VARIABLE = YES;
				IPHONEOS_DEPLOYMENT_TARGET = 16.2;
				MTL_ENABLE_DEBUG_INFO = NO;
				MTL_FAST_MATH = YES;
				SDKROOT = iphoneos;
				SWIFT_COMPILATION_MODE = wholemodule;
				SWIFT_OPTIMIZATION_LEVEL = "-O";
				VALIDATE_PRODUCT = YES;
			};
			name = Release;
		};
		B8EB9AF92A615892008B68DE /* Debug */ = {
			isa = XCBuildConfiguration;
			buildSettings = {
				ASSETCATALOG_COMPILER_APPICON_NAME = AppIcon;
				ASSETCATALOG_COMPILER_GLOBAL_ACCENT_COLOR_NAME = AccentColor;
				CODE_SIGN_STYLE = Automatic;
				CURRENT_PROJECT_VERSION = 1;
				DEVELOPMENT_TEAM = SY4CHD2YQ6;
				GENERATE_INFOPLIST_FILE = YES;
				INFOPLIST_FILE = "imagepicker with tableview/Info.plist";
				INFOPLIST_KEY_UIApplicationSupportsIndirectInputEvents = YES;
				INFOPLIST_KEY_UILaunchStoryboardName = LaunchScreen;
				INFOPLIST_KEY_UIMainStoryboardFile = Main;
				INFOPLIST_KEY_UISupportedInterfaceOrientations_iPad = "UIInterfaceOrientationPortrait UIInterfaceOrientationPortraitUpsideDown UIInterfaceOrientationLandscapeLeft UIInterfaceOrientationLandscapeRight";
				INFOPLIST_KEY_UISupportedInterfaceOrientations_iPhone = "UIInterfaceOrientationPortrait UIInterfaceOrientationLandscapeLeft UIInterfaceOrientationLandscapeRight";
				LD_RUNPATH_SEARCH_PATHS = (
					"$(inherited)",
					"@executable_path/Frameworks",
				);
				MARKETING_VERSION = 1.0;
				PRODUCT_BUNDLE_IDENTIFIER = "com.digival.imagepicker-with-tableview";
				PRODUCT_NAME = "$(TARGET_NAME)";
				SWIFT_EMIT_LOC_STRINGS = YES;
				SWIFT_VERSION = 5.0;
				TARGETED_DEVICE_FAMILY = "1,2";
			};
			name = Debug;
		};
		B8EB9AFA2A615892008B68DE /* Release */ = {
			isa = XCBuildConfiguration;
			buildSettings = {
				ASSETCATALOG_COMPILER_APPICON_NAME = AppIcon;
				ASSETCATALOG_COMPILER_GLOBAL_ACCENT_COLOR_NAME = AccentColor;
				CODE_SIGN_STYLE = Automatic;
				CURRENT_PROJECT_VERSION = 1;
				DEVELOPMENT_TEAM = SY4CHD2YQ6;
				GENERATE_INFOPLIST_FILE = YES;
				INFOPLIST_FILE = "imagepicker with tableview/Info.plist";
				INFOPLIST_KEY_UIApplicationSupportsIndirectInputEvents = YES;
				INFOPLIST_KEY_UILaunchStoryboardName = LaunchScreen;
				INFOPLIST_KEY_UIMainStoryboardFile = Main;
				INFOPLIST_KEY_UISupportedInterfaceOrientations_iPad = "UIInterfaceOrientationPortrait UIInterfaceOrientationPortraitUpsideDown UIInterfaceOrientationLandscapeLeft UIInterfaceOrientationLandscapeRight";
				INFOPLIST_KEY_UISupportedInterfaceOrientations_iPhone = "UIInterfaceOrientationPortrait UIInterfaceOrientationLandscapeLeft UIInterfaceOrientationLandscapeRight";
				LD_RUNPATH_SEARCH_PATHS = (
					"$(inherited)",
					"@executable_path/Frameworks",
				);
				MARKETING_VERSION = 1.0;
				PRODUCT_BUNDLE_IDENTIFIER = "com.digival.imagepicker-with-tableview";
				PRODUCT_NAME = "$(TARGET_NAME)";
				SWIFT_EMIT_LOC_STRINGS = YES;
				SWIFT_VERSION = 5.0;
				TARGETED_DEVICE_FAMILY = "1,2";
			};
			name = Release;
		};
		B8EB9AFC2A615892008B68DE /* Debug */ = {
			isa = XCBuildConfiguration;
			buildSettings = {
				ALWAYS_EMBED_SWIFT_STANDARD_LIBRARIES = YES;
				BUNDLE_LOADER = "$(TEST_HOST)";
				CODE_SIGN_STYLE = Automatic;
				CURRENT_PROJECT_VERSION = 1;
				DEVELOPMENT_TEAM = SY4CHD2YQ6;
				GENERATE_INFOPLIST_FILE = YES;
				IPHONEOS_DEPLOYMENT_TARGET = 16.2;
				MARKETING_VERSION = 1.0;
				PRODUCT_BUNDLE_IDENTIFIER = "com.digival.imagepicker-with-tableviewTests";
				PRODUCT_NAME = "$(TARGET_NAME)";
				SWIFT_EMIT_LOC_STRINGS = NO;
				SWIFT_VERSION = 5.0;
				TARGETED_DEVICE_FAMILY = "1,2";
				TEST_HOST = "$(BUILT_PRODUCTS_DIR)/imagepicker with tableview.app/$(BUNDLE_EXECUTABLE_FOLDER_PATH)/imagepicker with tableview";
			};
			name = Debug;
		};
		B8EB9AFD2A615892008B68DE /* Release */ = {
			isa = XCBuildConfiguration;
			buildSettings = {
				ALWAYS_EMBED_SWIFT_STANDARD_LIBRARIES = YES;
				BUNDLE_LOADER = "$(TEST_HOST)";
				CODE_SIGN_STYLE = Automatic;
				CURRENT_PROJECT_VERSION = 1;
				DEVELOPMENT_TEAM = SY4CHD2YQ6;
				GENERATE_INFOPLIST_FILE = YES;
				IPHONEOS_DEPLOYMENT_TARGET = 16.2;
				MARKETING_VERSION = 1.0;
				PRODUCT_BUNDLE_IDENTIFIER = "com.digival.imagepicker-with-tableviewTests";
				PRODUCT_NAME = "$(TARGET_NAME)";
				SWIFT_EMIT_LOC_STRINGS = NO;
				SWIFT_VERSION = 5.0;
				TARGETED_DEVICE_FAMILY = "1,2";
				TEST_HOST = "$(BUILT_PRODUCTS_DIR)/imagepicker with tableview.app/$(BUNDLE_EXECUTABLE_FOLDER_PATH)/imagepicker with tableview";
			};
			name = Release;
		};
		B8EB9AFF2A615892008B68DE /* Debug */ = {
			isa = XCBuildConfiguration;
			buildSettings = {
				ALWAYS_EMBED_SWIFT_STANDARD_LIBRARIES = YES;
				CODE_SIGN_STYLE = Automatic;
				CURRENT_PROJECT_VERSION = 1;
				DEVELOPMENT_TEAM = SY4CHD2YQ6;
				GENERATE_INFOPLIST_FILE = YES;
				MARKETING_VERSION = 1.0;
				PRODUCT_BUNDLE_IDENTIFIER = "com.digival.imagepicker-with-tableviewUITests";
				PRODUCT_NAME = "$(TARGET_NAME)";
				SWIFT_EMIT_LOC_STRINGS = NO;
				SWIFT_VERSION = 5.0;
				TARGETED_DEVICE_FAMILY = "1,2";
				TEST_TARGET_NAME = "imagepicker with tableview";
			};
			name = Debug;
		};
		B8EB9B002A615892008B68DE /* Release */ = {
			isa = XCBuildConfiguration;
			buildSettings = {
				ALWAYS_EMBED_SWIFT_STANDARD_LIBRARIES = YES;
				CODE_SIGN_STYLE = Automatic;
				CURRENT_PROJECT_VERSION = 1;
				DEVELOPMENT_TEAM = SY4CHD2YQ6;
				GENERATE_INFOPLIST_FILE = YES;
				MARKETING_VERSION = 1.0;
				PRODUCT_BUNDLE_IDENTIFIER = "com.digival.imagepicker-with-tableviewUITests";
				PRODUCT_NAME = "$(TARGET_NAME)";
				SWIFT_EMIT_LOC_STRINGS = NO;
				SWIFT_VERSION = 5.0;
				TARGETED_DEVICE_FAMILY = "1,2";
				TEST_TARGET_NAME = "imagepicker with tableview";
			};
			name = Release;
		};
/* End XCBuildConfiguration section */

/* Begin XCConfigurationList section */
		B8EB9AC92A61588F008B68DE /* Build configuration list for PBXProject "imagepicker with tableview" */ = {
			isa = XCConfigurationList;
			buildConfigurations = (
				B8EB9AF62A615892008B68DE /* Debug */,
				B8EB9AF72A615892008B68DE /* Release */,
			);
			defaultConfigurationIsVisible = 0;
			defaultConfigurationName = Release;
		};
		B8EB9AF82A615892008B68DE /* Build configuration list for PBXNativeTarget "imagepicker with tableview" */ = {
			isa = XCConfigurationList;
			buildConfigurations = (
				B8EB9AF92A615892008B68DE /* Debug */,
				B8EB9AFA2A615892008B68DE /* Release */,
			);
			defaultConfigurationIsVisible = 0;
			defaultConfigurationName = Release;
		};
		B8EB9AFB2A615892008B68DE /* Build configuration list for PBXNativeTarget "imagepicker with tableviewTests" */ = {
			isa = XCConfigurationList;
			buildConfigurations = (
				B8EB9AFC2A615892008B68DE /* Debug */,
				B8EB9AFD2A615892008B68DE /* Release */,
			);
			defaultConfigurationIsVisible = 0;
			defaultConfigurationName = Release;
		};
		B8EB9AFE2A615892008B68DE /* Build configuration list for PBXNativeTarget "imagepicker with tableviewUITests" */ = {
			isa = XCConfigurationList;
			buildConfigurations = (
				B8EB9AFF2A615892008B68DE /* Debug */,
				B8EB9B002A615892008B68DE /* Release */,
			);
			defaultConfigurationIsVisible = 0;
			defaultConfigurationName = Release;
		};
/* End XCConfigurationList section */
	};
	rootObject = B8EB9AC62A61588F008B68DE /* Project object */;
}
